
Microsoft Visual Studio Solution File, Format Version 12.00
# Visual Studio Version 16
VisualStudioVersion = 16.0.31410.357
MinimumVisualStudioVersion = 10.0.40219.1
Project("{9A19103F-16F7-4668-BE54-9A1E7A4F7556}") = "TEI.Epos.Utilities", "TEI.Epos.Utilities.csproj", "{14585A8C-2A33-4320-BE09-2A7210F5B766}"
EndProject
Project("{9A19103F-16F7-4668-BE54-9A1E7A4F7556}") = "TEI.Epos.Utilities.Test", "..\TEI.Epos.Utilities.Test\TEI.Epos.Utilities.Test.csproj", "{249C34B8-396F-48F7-8357-35FF3D35514C}"
EndProject
Project("{9A19103F-16F7-4668-BE54-9A1E7A4F7556}") = "TEI.Epos.Utilities.Adapter", "..\TEI.Epos.Utilities.Adapter\TEI.Epos.Utilities.Adapter.csproj", "{D1465E01-ABF3-4CFC-B4A1-6D214EC76651}"
EndProject
Global
	GlobalSection(SolutionConfigurationPlatforms) = preSolution
		Debug|Any CPU = Debug|Any CPU
		Release|Any CPU = Release|Any CPU
	EndGlobalSection
	GlobalSection(ProjectConfigurationPlatforms) = postSolution
		{14585A8C-2A33-4320-BE09-2A7210F5B766}.Debug|Any CPU.ActiveCfg = Debug|Any CPU
		{14585A8C-2A33-4320-BE09-2A7210F5B766}.Debug|Any CPU.Build.0 = Debug|Any CPU
		{14585A8C-2A33-4320-BE09-2A7210F5B766}.Release|Any CPU.ActiveCfg = Release|Any CPU
		{14585A8C-2A33-4320-BE09-2A7210F5B766}.Release|Any CPU.Build.0 = Release|Any CPU
		{249C34B8-396F-48F7-8357-35FF3D35514C}.Debug|Any CPU.ActiveCfg = Debug|Any CPU
		{249C34B8-396F-48F7-8357-35FF3D35514C}.Debug|Any CPU.Build.0 = Debug|Any CPU
		{249C34B8-396F-48F7-8357-35FF3D35514C}.Release|Any CPU.ActiveCfg = Release|Any CPU
		{249C34B8-396F-48F7-8357-35FF3D35514C}.Release|Any CPU.Build.0 = Release|Any CPU
		{D1465E01-ABF3-4CFC-B4A1-6D214EC76651}.Debug|Any CPU.ActiveCfg = Debug|Any CPU
		{D1465E01-ABF3-4CFC-B4A1-6D214EC76651}.Debug|Any CPU.Build.0 = Debug|Any CPU
		{D1465E01-ABF3-4CFC-B4A1-6D214EC76651}.Release|Any CPU.ActiveCfg = Release|Any CPU
		{D1465E01-ABF3-4CFC-B4A1-6D214EC76651}.Release|Any CPU.Build.0 = Release|Any CPU
	EndGlobalSection
	GlobalSection(SolutionProperties) = preSolution
		HideSolutionNode = FALSE
	EndGlobalSection
	GlobalSection(ExtensibilityGlobals) = postSolution
		SolutionGuid = {E916B31A-81C6-4C7D-A4B4-4F4ADC9E3453}
	EndGlobalSection
EndGlobal
